
Microsoft Visual Studio Solution File, Format Version 12.00
# Visual Studio 15
VisualStudioVersion = 15.0.27703.2047
MinimumVisualStudioVersion = 10.0.40219.1
Project("{FAE04EC0-301F-11D3-BF4B-00C04F79EFBC}") = "HelloJenkins", "HelloJenkins\HelloJenkins.csproj", "{8AA22DBB-E9F7-4A4B-8381-C21E4A761E1B}"
EndProject
Global
	GlobalSection(SolutionConfigurationPlatforms) = preSolution
		Debug|Any CPU = Debug|Any CPU
		Release|Any CPU = Release|Any CPU
	EndGlobalSection
	GlobalSection(ProjectConfigurationPlatforms) = postSolution
		{8AA22DBB-E9F7-4A4B-8381-C21E4A761E1B}.Debug|Any CPU.ActiveCfg = Debug|Any CPU
		{8AA22DBB-E9F7-4A4B-8381-C21E4A761E1B}.Debug|Any CPU.Build.0 = Debug|Any CPU
		{8AA22DBB-E9F7-4A4B-8381-C21E4A761E1B}.Release|Any CPU.ActiveCfg = Release|Any CPU
		{8AA22DBB-E9F7-4A4B-8381-C21E4A761E1B}.Release|Any CPU.Build.0 = Release|Any CPU
	EndGlobalSection
	GlobalSection(SolutionProperties) = preSolution
		HideSolutionNode = FALSE
	EndGlobalSection
	GlobalSection(ExtensibilityGlobals) = postSolution
		SolutionGuid = {585D5223-0D96-44C9-8BAE-C89B7107BD26}
	EndGlobalSection
EndGlobal
